// !$*UTF8*$!
{
	archiveVersion = 1;
	classes = {
	};
	objectVersion = 55;
	objects = {

/* Begin PBXBuildFile section */
		8112F2072895905D00B02B2B /* CountdownSwiftUIApp.swift in Sources */ = {isa = PBXBuildFile; fileRef = 8112F2062895905D00B02B2B /* CountdownSwiftUIApp.swift */; };
		8112F2092895905D00B02B2B /* ContentView.swift in Sources */ = {isa = PBXBuildFile; fileRef = 8112F2082895905D00B02B2B /* ContentView.swift */; };
		8112F20B2895905F00B02B2B /* Assets.xcassets in Resources */ = {isa = PBXBuildFile; fileRef = 8112F20A2895905F00B02B2B /* Assets.xcassets */; };
		8112F20E2895905F00B02B2B /* Preview Assets.xcassets in Resources */ = {isa = PBXBuildFile; fileRef = 8112F20D2895905F00B02B2B /* Preview Assets.xcassets */; };
		8112F2102895905F00B02B2B /* Persistence.swift in Sources */ = {isa = PBXBuildFile; fileRef = 8112F20F2895905F00B02B2B /* Persistence.swift */; };
		8112F2132895905F00B02B2B /* CountdownSwiftUI.xcdatamodeld in Sources */ = {isa = PBXBuildFile; fileRef = 8112F2112895905F00B02B2B /* CountdownSwiftUI.xcdatamodeld */; };
		8112F21A289598F300B02B2B /* CountdownViewModel.swift in Sources */ = {isa = PBXBuildFile; fileRef = 8112F219289598F200B02B2B /* CountdownViewModel.swift */; };
		8112F21C2895B86400B02B2B /* CountdownScreenStorage.swift in Sources */ = {isa = PBXBuildFile; fileRef = 8112F21B2895B86400B02B2B /* CountdownScreenStorage.swift */; };
		8112F21F2896E94A00B02B2B /* RegisterCountdownView.swift in Sources */ = {isa = PBXBuildFile; fileRef = 8112F21E2896E94A00B02B2B /* RegisterCountdownView.swift */; };
		8112F2212896EC5100B02B2B /* RegisterViewModel.swift in Sources */ = {isa = PBXBuildFile; fileRef = 8112F2202896EC5000B02B2B /* RegisterViewModel.swift */; };
/* End PBXBuildFile section */

/* Begin PBXFileReference section */
		8112F2032895905D00B02B2B /* CountdownSwiftUI.app */ = {isa = PBXFileReference; explicitFileType = wrapper.application; includeInIndex = 0; path = CountdownSwiftUI.app; sourceTree = BUILT_PRODUCTS_DIR; };
		8112F2062895905D00B02B2B /* CountdownSwiftUIApp.swift */ = {isa = PBXFileReference; lastKnownFileType = sourcecode.swift; path = CountdownSwiftUIApp.swift; sourceTree = "<group>"; };
		8112F2082895905D00B02B2B /* ContentView.swift */ = {isa = PBXFileReference; lastKnownFileType = sourcecode.swift; path = ContentView.swift; sourceTree = "<group>"; };
		8112F20A2895905F00B02B2B /* Assets.xcassets */ = {isa = PBXFileReference; lastKnownFileType = folder.assetcatalog; path = Assets.xcassets; sourceTree = "<group>"; };
		8112F20D2895905F00B02B2B /* Preview Assets.xcassets */ = {isa = PBXFileReference; lastKnownFileType = folder.assetcatalog; path = "Preview Assets.xcassets"; sourceTree = "<group>"; };
		8112F20F2895905F00B02B2B /* Persistence.swift */ = {isa = PBXFileReference; lastKnownFileType = sourcecode.swift; path = Persistence.swift; sourceTree = "<group>"; };
		8112F2122895905F00B02B2B /* CountdownSwiftUI.xcdatamodel */ = {isa = PBXFileReference; lastKnownFileType = wrapper.xcdatamodel; path = CountdownSwiftUI.xcdatamodel; sourceTree = "<group>"; };
		8112F219289598F200B02B2B /* CountdownViewModel.swift */ = {isa = PBXFileReference; lastKnownFileType = sourcecode.swift; path = CountdownViewModel.swift; sourceTree = "<group>"; };
		8112F21B2895B86400B02B2B /* CountdownScreenStorage.swift */ = {isa = PBXFileReference; lastKnownFileType = sourcecode.swift; path = CountdownScreenStorage.swift; sourceTree = "<group>"; };
		8112F21E2896E94A00B02B2B /* RegisterCountdownView.swift */ = {isa = PBXFileReference; lastKnownFileType = sourcecode.swift; path = RegisterCountdownView.swift; sourceTree = "<group>"; };
		8112F2202896EC5000B02B2B /* RegisterViewModel.swift */ = {isa = PBXFileReference; lastKnownFileType = sourcecode.swift; path = RegisterViewModel.swift; sourceTree = "<group>"; };
/* End PBXFileReference section */

/* Begin PBXFrameworksBuildPhase section */
		8112F2002895905D00B02B2B /* Frameworks */ = {
			isa = PBXFrameworksBuildPhase;
			buildActionMask = 2147483647;
			files = (
			);
			runOnlyForDeploymentPostprocessing = 0;
		};
/* End PBXFrameworksBuildPhase section */

/* Begin PBXGroup section */
		8112F1FA2895905D00B02B2B = {
			isa = PBXGroup;
			children = (
				8112F2052895905D00B02B2B /* CountdownSwiftUI */,
				8112F2042895905D00B02B2B /* Products */,
			);
			sourceTree = "<group>";
		};
		8112F2042895905D00B02B2B /* Products */ = {
			isa = PBXGroup;
			children = (
				8112F2032895905D00B02B2B /* CountdownSwiftUI.app */,
			);
			name = Products;
			sourceTree = "<group>";
		};
		8112F2052895905D00B02B2B /* CountdownSwiftUI */ = {
			isa = PBXGroup;
			children = (
				8112F229289706C400B02B2B /* Database */,
				8112F2222897064B00B02B2B /* Presentation */,
				8112F2062895905D00B02B2B /* CountdownSwiftUIApp.swift */,
				8112F20A2895905F00B02B2B /* Assets.xcassets */,
				8112F20C2895905F00B02B2B /* Preview Content */,
			);
			path = CountdownSwiftUI;
			sourceTree = "<group>";
		};
		8112F20C2895905F00B02B2B /* Preview Content */ = {
			isa = PBXGroup;
			children = (
				8112F20D2895905F00B02B2B /* Preview Assets.xcassets */,
			);
			path = "Preview Content";
			sourceTree = "<group>";
		};
		8112F2222897064B00B02B2B /* Presentation */ = {
			isa = PBXGroup;
			children = (
				8112F2262897068400B02B2B /* RegisterScreen */,
				8112F2232897065400B02B2B /* MainScreen */,
			);
			path = Presentation;
			sourceTree = "<group>";
		};
		8112F2232897065400B02B2B /* MainScreen */ = {
			isa = PBXGroup;
			children = (
				8112F2252897066C00B02B2B /* ViewModels */,
				8112F2242897065F00B02B2B /* Views */,
			);
			path = MainScreen;
			sourceTree = "<group>";
		};
		8112F2242897065F00B02B2B /* Views */ = {
			isa = PBXGroup;
			children = (
				8112F2082895905D00B02B2B /* ContentView.swift */,
			);
			path = Views;
			sourceTree = "<group>";
		};
		8112F2252897066C00B02B2B /* ViewModels */ = {
			isa = PBXGroup;
			children = (
				8112F219289598F200B02B2B /* CountdownViewModel.swift */,
			);
			path = ViewModels;
			sourceTree = "<group>";
		};
		8112F2262897068400B02B2B /* RegisterScreen */ = {
			isa = PBXGroup;
			children = (
				8112F2282897069600B02B2B /* ViewModels */,
				8112F2272897068E00B02B2B /* Views */,
			);
			path = RegisterScreen;
			sourceTree = "<group>";
		};
		8112F2272897068E00B02B2B /* Views */ = {
			isa = PBXGroup;
			children = (
				8112F21E2896E94A00B02B2B /* RegisterCountdownView.swift */,
			);
			path = Views;
			sourceTree = "<group>";
		};
		8112F2282897069600B02B2B /* ViewModels */ = {
			isa = PBXGroup;
			children = (
				8112F2202896EC5000B02B2B /* RegisterViewModel.swift */,
			);
			path = ViewModels;
			sourceTree = "<group>";
		};
		8112F229289706C400B02B2B /* Database */ = {
			isa = PBXGroup;
			children = (
				8112F21B2895B86400B02B2B /* CountdownScreenStorage.swift */,
				8112F20F2895905F00B02B2B /* Persistence.swift */,
				8112F2112895905F00B02B2B /* CountdownSwiftUI.xcdatamodeld */,
			);
			path = Database;
			sourceTree = "<group>";
		};
/* End PBXGroup section */

/* Begin PBXNativeTarget section */
		8112F2022895905D00B02B2B /* CountdownSwiftUI */ = {
			isa = PBXNativeTarget;
			buildConfigurationList = 8112F2162895905F00B02B2B /* Build configuration list for PBXNativeTarget "CountdownSwiftUI" */;
			buildPhases = (
				8112F1FF2895905D00B02B2B /* Sources */,
				8112F2002895905D00B02B2B /* Frameworks */,
				8112F2012895905D00B02B2B /* Resources */,
			);
			buildRules = (
			);
			dependencies = (
			);
			name = CountdownSwiftUI;
			productName = CountdownSwiftUI;
			productReference = 8112F2032895905D00B02B2B /* CountdownSwiftUI.app */;
			productType = "com.apple.product-type.application";
		};
/* End PBXNativeTarget section */

/* Begin PBXProject section */
		8112F1FB2895905D00B02B2B /* Project object */ = {
			isa = PBXProject;
			attributes = {
				BuildIndependentTargetsInParallel = 1;
				LastSwiftUpdateCheck = 1340;
				LastUpgradeCheck = 1340;
				TargetAttributes = {
					8112F2022895905D00B02B2B = {
						CreatedOnToolsVersion = 13.4.1;
					};
				};
			};
			buildConfigurationList = 8112F1FE2895905D00B02B2B /* Build configuration list for PBXProject "CountdownSwiftUI" */;
			compatibilityVersion = "Xcode 13.0";
			developmentRegion = en;
			hasScannedForEncodings = 0;
			knownRegions = (
				en,
				Base,
			);
			mainGroup = 8112F1FA2895905D00B02B2B;
			productRefGroup = 8112F2042895905D00B02B2B /* Products */;
			projectDirPath = "";
			projectRoot = "";
			targets = (
				8112F2022895905D00B02B2B /* CountdownSwiftUI */,
			);
		};
/* End PBXProject section */

/* Begin PBXResourcesBuildPhase section */
		8112F2012895905D00B02B2B /* Resources */ = {
			isa = PBXResourcesBuildPhase;
			buildActionMask = 2147483647;
			files = (
				8112F20E2895905F00B02B2B /* Preview Assets.xcassets in Resources */,
				8112F20B2895905F00B02B2B /* Assets.xcassets in Resources */,
			);
			runOnlyForDeploymentPostprocessing = 0;
		};
/* End PBXResourcesBuildPhase section */

/* Begin PBXSourcesBuildPhase section */
		8112F1FF2895905D00B02B2B /* Sources */ = {
			isa = PBXSourcesBuildPhase;
			buildActionMask = 2147483647;
			files = (
				8112F2102895905F00B02B2B /* Persistence.swift in Sources */,
				8112F21C2895B86400B02B2B /* CountdownScreenStorage.swift in Sources */,
				8112F21A289598F300B02B2B /* CountdownViewModel.swift in Sources */,
				8112F2212896EC5100B02B2B /* RegisterViewModel.swift in Sources */,
				8112F2132895905F00B02B2B /* CountdownSwiftUI.xcdatamodeld in Sources */,
				8112F21F2896E94A00B02B2B /* RegisterCountdownView.swift in Sources */,
				8112F2092895905D00B02B2B /* ContentView.swift in Sources */,
				8112F2072895905D00B02B2B /* CountdownSwiftUIApp.swift in Sources */,
			);
			runOnlyForDeploymentPostprocessing = 0;
		};
/* End PBXSourcesBuildPhase section */

/* Begin XCBuildConfiguration section */
		8112F2142895905F00B02B2B /* Debug */ = {
			isa = XCBuildConfiguration;
			buildSettings = {
				ALWAYS_SEARCH_USER_PATHS = NO;
				CLANG_ANALYZER_NONNULL = YES;
				CLANG_ANALYZER_NUMBER_OBJECT_CONVERSION = YES_AGGRESSIVE;
				CLANG_CXX_LANGUAGE_STANDARD = "gnu++17";
				CLANG_ENABLE_MODULES = YES;
				CLANG_ENABLE_OBJC_ARC = YES;
				CLANG_ENABLE_OBJC_WEAK = YES;
				CLANG_WARN_BLOCK_CAPTURE_AUTORELEASING = YES;
				CLANG_WARN_BOOL_CONVERSION = YES;
				CLANG_WARN_COMMA = YES;
				CLANG_WARN_CONSTANT_CONVERSION = YES;
				CLANG_WARN_DEPRECATED_OBJC_IMPLEMENTATIONS = YES;
				CLANG_WARN_DIRECT_OBJC_ISA_USAGE = YES_ERROR;
				CLANG_WARN_DOCUMENTATION_COMMENTS = YES;
				CLANG_WARN_EMPTY_BODY = YES;
				CLANG_WARN_ENUM_CONVERSION = YES;
				CLANG_WARN_INFINITE_RECURSION = YES;
				CLANG_WARN_INT_CONVERSION = YES;
				CLANG_WARN_NON_LITERAL_NULL_CONVERSION = YES;
				CLANG_WARN_OBJC_IMPLICIT_RETAIN_SELF = YES;
				CLANG_WARN_OBJC_LITERAL_CONVERSION = YES;
				CLANG_WARN_OBJC_ROOT_CLASS = YES_ERROR;
				CLANG_WARN_QUOTED_INCLUDE_IN_FRAMEWORK_HEADER = YES;
				CLANG_WARN_RANGE_LOOP_ANALYSIS = YES;
				CLANG_WARN_STRICT_PROTOTYPES = YES;
				CLANG_WARN_SUSPICIOUS_MOVE = YES;
				CLANG_WARN_UNGUARDED_AVAILABILITY = YES_AGGRESSIVE;
				CLANG_WARN_UNREACHABLE_CODE = YES;
				CLANG_WARN__DUPLICATE_METHOD_MATCH = YES;
				COPY_PHASE_STRIP = NO;
				DEBUG_INFORMATION_FORMAT = dwarf;
				ENABLE_STRICT_OBJC_MSGSEND = YES;
				ENABLE_TESTABILITY = YES;
				GCC_C_LANGUAGE_STANDARD = gnu11;
				GCC_DYNAMIC_NO_PIC = NO;
				GCC_NO_COMMON_BLOCKS = YES;
				GCC_OPTIMIZATION_LEVEL = 0;
				GCC_PREPROCESSOR_DEFINITIONS = (
					"DEBUG=1",
					"$(inherited)",
				);
				GCC_WARN_64_TO_32_BIT_CONVERSION = YES;
				GCC_WARN_ABOUT_RETURN_TYPE = YES_ERROR;
				GCC_WARN_UNDECLARED_SELECTOR = YES;
				GCC_WARN_UNINITIALIZED_AUTOS = YES_AGGRESSIVE;
				GCC_WARN_UNUSED_FUNCTION = YES;
				GCC_WARN_UNUSED_VARIABLE = YES;
				IPHONEOS_DEPLOYMENT_TARGET = 15.5;
				MTL_ENABLE_DEBUG_INFO = INCLUDE_SOURCE;
				MTL_FAST_MATH = YES;
				ONLY_ACTIVE_ARCH = YES;
				SDKROOT = iphoneos;
				SWIFT_ACTIVE_COMPILATION_CONDITIONS = DEBUG;
				SWIFT_OPTIMIZATION_LEVEL = "-Onone";
			};
			name = Debug;
		};
		8112F2152895905F00B02B2B /* Release */ = {
			isa = XCBuildConfiguration;
			buildSettings = {
				ALWAYS_SEARCH_USER_PATHS = NO;
				CLANG_ANALYZER_NONNULL = YES;
				CLANG_ANALYZER_NUMBER_OBJECT_CONVERSION = YES_AGGRESSIVE;
				CLANG_CXX_LANGUAGE_STANDARD = "gnu++17";
				CLANG_ENABLE_MODULES = YES;
				CLANG_ENABLE_OBJC_ARC = YES;
				CLANG_ENABLE_OBJC_WEAK = YES;
				CLANG_WARN_BLOCK_CAPTURE_AUTORELEASING = YES;
				CLANG_WARN_BOOL_CONVERSION = YES;
				CLANG_WARN_COMMA = YES;
				CLANG_WARN_CONSTANT_CONVERSION = YES;
				CLANG_WARN_DEPRECATED_OBJC_IMPLEMENTATIONS = YES;
				CLANG_WARN_DIRECT_OBJC_ISA_USAGE = YES_ERROR;
				CLANG_WARN_DOCUMENTATION_COMMENTS = YES;
				CLANG_WARN_EMPTY_BODY = YES;
				CLANG_WARN_ENUM_CONVERSION = YES;
				CLANG_WARN_INFINITE_RECURSION = YES;
				CLANG_WARN_INT_CONVERSION = YES;
				CLANG_WARN_NON_LITERAL_NULL_CONVERSION = YES;
				CLANG_WARN_OBJC_IMPLICIT_RETAIN_SELF = YES;
				CLANG_WARN_OBJC_LITERAL_CONVERSION = YES;
				CLANG_WARN_OBJC_ROOT_CLASS = YES_ERROR;
				CLANG_WARN_QUOTED_INCLUDE_IN_FRAMEWORK_HEADER = YES;
				CLANG_WARN_RANGE_LOOP_ANALYSIS = YES;
				CLANG_WARN_STRICT_PROTOTYPES = YES;
				CLANG_WARN_SUSPICIOUS_MOVE = YES;
				CLANG_WARN_UNGUARDED_AVAILABILITY = YES_AGGRESSIVE;
				CLANG_WARN_UNREACHABLE_CODE = YES;
				CLANG_WARN__DUPLICATE_METHOD_MATCH = YES;
				COPY_PHASE_STRIP = NO;
				DEBUG_INFORMATION_FORMAT = "dwarf-with-dsym";
				ENABLE_NS_ASSERTIONS = NO;
				ENABLE_STRICT_OBJC_MSGSEND = YES;
				GCC_C_LANGUAGE_STANDARD = gnu11;
				GCC_NO_COMMON_BLOCKS = YES;
				GCC_WARN_64_TO_32_BIT_CONVERSION = YES;
				GCC_WARN_ABOUT_RETURN_TYPE = YES_ERROR;
				GCC_WARN_UNDECLARED_SELECTOR = YES;
				GCC_WARN_UNINITIALIZED_AUTOS = YES_AGGRESSIVE;
				GCC_WARN_UNUSED_FUNCTION = YES;
				GCC_WARN_UNUSED_VARIABLE = YES;
				IPHONEOS_DEPLOYMENT_TARGET = 15.5;
				MTL_ENABLE_DEBUG_INFO = NO;
				MTL_FAST_MATH = YES;
				SDKROOT = iphoneos;
				SWIFT_COMPILATION_MODE = wholemodule;
				SWIFT_OPTIMIZATION_LEVEL = "-O";
				VALIDATE_PRODUCT = YES;
			};
			name = Release;
		};
		8112F2172895905F00B02B2B /* Debug */ = {
			isa = XCBuildConfiguration;
			buildSettings = {
				ASSETCATALOG_COMPILER_APPICON_NAME = AppIcon;
				ASSETCATALOG_COMPILER_GLOBAL_ACCENT_COLOR_NAME = AccentColor;
				CODE_SIGN_STYLE = Automatic;
				CURRENT_PROJECT_VERSION = 1;
				DEVELOPMENT_ASSET_PATHS = "\"CountdownSwiftUI/Preview Content\"";
				DEVELOPMENT_TEAM = U9UQ8H297N;
				ENABLE_PREVIEWS = YES;
				GENERATE_INFOPLIST_FILE = YES;
				INFOPLIST_KEY_UIApplicationSceneManifest_Generation = YES;
				INFOPLIST_KEY_UIApplicationSupportsIndirectInputEvents = YES;
				INFOPLIST_KEY_UILaunchScreen_Generation = YES;
				INFOPLIST_KEY_UISupportedInterfaceOrientations_iPad = "UIInterfaceOrientationPortrait UIInterfaceOrientationPortraitUpsideDown UIInterfaceOrientationLandscapeLeft UIInterfaceOrientationLandscapeRight";
				INFOPLIST_KEY_UISupportedInterfaceOrientations_iPhone = "UIInterfaceOrientationPortrait UIInterfaceOrientationLandscapeLeft UIInterfaceOrientationLandscapeRight";
				LD_RUNPATH_SEARCH_PATHS = (
					"$(inherited)",
					"@executable_path/Frameworks",
				);
				MARKETING_VERSION = 1.0;
				PRODUCT_BUNDLE_IDENTIFIER = com.imeron.CountdownSwiftUI;
				PRODUCT_NAME = "$(TARGET_NAME)";
				SWIFT_EMIT_LOC_STRINGS = YES;
				SWIFT_VERSION = 5.0;
				TARGETED_DEVICE_FAMILY = "1,2";
			};
			name = Debug;
		};
		8112F2182895905F00B02B2B /* Release */ = {
			isa = XCBuildConfiguration;
			buildSettings = {
				ASSETCATALOG_COMPILER_APPICON_NAME = AppIcon;
				ASSETCATALOG_COMPILER_GLOBAL_ACCENT_COLOR_NAME = AccentColor;
				CODE_SIGN_STYLE = Automatic;
				CURRENT_PROJECT_VERSION = 1;
				DEVELOPMENT_ASSET_PATHS = "\"CountdownSwiftUI/Preview Content\"";
				DEVELOPMENT_TEAM = U9UQ8H297N;
				ENABLE_PREVIEWS = YES;
				GENERATE_INFOPLIST_FILE = YES;
				INFOPLIST_KEY_UIApplicationSceneManifest_Generation = YES;
				INFOPLIST_KEY_UIApplicationSupportsIndirectInputEvents = YES;
				INFOPLIST_KEY_UILaunchScreen_Generation = YES;
				INFOPLIST_KEY_UISupportedInterfaceOrientations_iPad = "UIInterfaceOrientationPortrait UIInterfaceOrientationPortraitUpsideDown UIInterfaceOrientationLandscapeLeft UIInterfaceOrientationLandscapeRight";
				INFOPLIST_KEY_UISupportedInterfaceOrientations_iPhone = "UIInterfaceOrientationPortrait UIInterfaceOrientationLandscapeLeft UIInterfaceOrientationLandscapeRight";
				LD_RUNPATH_SEARCH_PATHS = (
					"$(inherited)",
					"@executable_path/Frameworks",
				);
				MARKETING_VERSION = 1.0;
				PRODUCT_BUNDLE_IDENTIFIER = com.imeron.CountdownSwiftUI;
				PRODUCT_NAME = "$(TARGET_NAME)";
				SWIFT_EMIT_LOC_STRINGS = YES;
				SWIFT_VERSION = 5.0;
				TARGETED_DEVICE_FAMILY = "1,2";
			};
			name = Release;
		};
/* End XCBuildConfiguration section */

/* Begin XCConfigurationList section */
		8112F1FE2895905D00B02B2B /* Build configuration list for PBXProject "CountdownSwiftUI" */ = {
			isa = XCConfigurationList;
			buildConfigurations = (
				8112F2142895905F00B02B2B /* Debug */,
				8112F2152895905F00B02B2B /* Release */,
			);
			defaultConfigurationIsVisible = 0;
			defaultConfigurationName = Release;
		};
		8112F2162895905F00B02B2B /* Build configuration list for PBXNativeTarget "CountdownSwiftUI" */ = {
			isa = XCConfigurationList;
			buildConfigurations = (
				8112F2172895905F00B02B2B /* Debug */,
				8112F2182895905F00B02B2B /* Release */,
			);
			defaultConfigurationIsVisible = 0;
			defaultConfigurationName = Release;
		};
/* End XCConfigurationList section */

/* Begin XCVersionGroup section */
		8112F2112895905F00B02B2B /* CountdownSwiftUI.xcdatamodeld */ = {
			isa = XCVersionGroup;
			children = (
				8112F2122895905F00B02B2B /* CountdownSwiftUI.xcdatamodel */,
			);
			currentVersion = 8112F2122895905F00B02B2B /* CountdownSwiftUI.xcdatamodel */;
			path = CountdownSwiftUI.xcdatamodeld;
			sourceTree = "<group>";
			versionGroupType = wrapper.xcdatamodel;
		};
/* End XCVersionGroup section */
	};
	rootObject = 8112F1FB2895905D00B02B2B /* Project object */;
}
